PODS:
  - KoalaTeaPlayer (0.2.7):
    - KTResponsiveUI
    - SnapKit
    - SwifterSwift
    - SwiftIcons
  - KTResponsiveUI (0.2.6)
  - SnapKit (4.0.0)
  - SoundWave (0.1.2)
  - SwifterSwift (4.1.1):
    - SwifterSwift/AppKit (= 4.1.1)
    - SwifterSwift/CoreGraphics (= 4.1.1)
    - SwifterSwift/CoreLocation (= 4.1.1)
    - SwifterSwift/Foundation (= 4.1.1)
    - SwifterSwift/SwiftStdlib (= 4.1.1)
    - SwifterSwift/UIKit (= 4.1.1)
  - SwifterSwift/AppKit (4.1.1)
  - SwifterSwift/CoreGraphics (4.1.1)
  - SwifterSwift/CoreLocation (4.1.1)
  - SwifterSwift/Foundation (4.1.1)
  - SwifterSwift/SwiftStdlib (4.1.1)
  - SwifterSwift/UIKit (4.1.1)
  - SwiftIcons (2.0.1)
  - ZHWaveform (1.0.2)

DEPENDENCIES:
  - KoalaTeaPlayer (~> 0.2.7)
  - SoundWave
  - ZHWaveform (~> 1.0.2)

SPEC CHECKSUMS:
  KoalaTeaPlayer: 6f9df0f08113765d5195c0e447b1a64966dc1507
  KTResponsiveUI: c8a75fe5270e05749a5ca8d20ab008a285b5e260
  SnapKit: a42d492c16e80209130a3379f73596c3454b7694
  SoundWave: 74af192045482ba1b881c6fd063655bb46162fa0
  SwifterSwift: bfcae9d659dfd306d164f13f72cad09198f30723
  SwiftIcons: e475a56ae2c2da40672dbf16061ca5dd5cee7dbb
  ZHWaveform: 847ecaf2ae3b941e5403d81762742610e659ebe0

PODFILE CHECKSUM: f3906eb0532cf05a81e0a846e27d4e286f0cea49

COCOAPODS: 1.4.0
